PODS:
  - AppAuth (1.4.0):
    - AppAuth/Core (= 1.4.0)
    - AppAuth/ExternalUserAgent (= 1.4.0)
  - AppAuth/Core (1.4.0)
  - AppAuth/ExternalUserAgent (1.4.0)
  - FBSDKCoreKit (7.1.1):
    - FBSDKCoreKit/Basics (= 7.1.1)
    - FBSDKCoreKit/Core (= 7.1.1)
  - FBSDKCoreKit/Basics (7.1.1)
  - FBSDKCoreKit/Core (7.1.1):
    - FBSDKCoreKit/Basics
  - FBSDKLoginKit (7.1.1):
    - FBSDKLoginKit/Login (= 7.1.1)
  - FBSDKLoginKit/Login (7.1.1):
    - FBSDKCoreKit (~> 7.1.1)
  - GASocialLogin (2.6.4):
    - GASocialLogin/Core (= 2.6.4)
  - GASocialLogin/Apple (2.6.4):
    - GASocialLogin/Core
  - GASocialLogin/Core (2.6.4)
  - GASocialLogin/Facebook (2.6.4):
    - FBSDKLoginKit (~> 7.1.1)
    - GASocialLogin/Core
  - GASocialLogin/Google (2.6.4):
    - GASocialLogin/Core
    - GoogleSignIn (~> 6.0.1)
  - GoogleSignIn (6.0.1):
    - AppAuth (~> 1.4)
    - GTMAppAuth (~> 1.0)
    - GTMSessionFetcher/Core (~> 1.1)
  - GTMAppAuth (1.2.2):
    - AppAuth/Core (~> 1.4)
    - GTMSessionFetcher/Core (~> 1.5)
  - GTMSessionFetcher/Core (1.6.1)

DEPENDENCIES:
  - GASocialLogin (from `../`)
  - GASocialLogin/Apple (from `../`)
  - GASocialLogin/Facebook (from `../`)
  - GASocialLogin/Google (from `../`)

SPEC REPOS:
  trunk:
    - AppAuth
    - FBSDKCoreKit
    - FBSDKLoginKit
    - GoogleSignIn
    - GTMAppAuth
    - GTMSessionFetcher

EXTERNAL SOURCES:
  GASocialLogin:
    :path: "../"

SPEC CHECKSUMS:
  AppAuth: 31bcec809a638d7bd2f86ea8a52bd45f6e81e7c7
  FBSDKCoreKit: b46507dc8b8cefed31d644e74d7cc30e2a715ef8
  FBSDKLoginKit: 1a61d79e2b25e2fc0d03dccab1e34b38bbdf2546
  GASocialLogin: 2cc7c449c77765a442c6556e938c7b896c6a9b4a
  GoogleSignIn: 1b0c4ec33a6fe282f4fa35d8ac64263230ddaf36
  GTMAppAuth: ad5c2b70b9a8689e1a04033c9369c4915bfcbe89
  GTMSessionFetcher: 36689134877faeb055b27dfa4ccc9ceaa42e029e

PODFILE CHECKSUM: 928646db20affc1fae32f50e2c5ca7e2b290a28a

COCOAPODS: 1.10.1
